
Microsoft Visual Studio Solution File, Format Version 12.00
# Visual Studio Version 17
VisualStudioVersion = 17.8.34322.80
MinimumVisualStudioVersion = 10.0.40219.1
Project("{FAE04EC0-301F-11D3-BF4B-00C04F79EFBC}") = "day7Part1", "day7Part1\day7Part1.csproj", "{EAAF8792-EEC8-4481-AE31-8E2D3B280E99}"
EndProject
Global
	GlobalSection(SolutionConfigurationPlatforms) = preSolution
		Debug|Any CPU = Debug|Any CPU
		Release|Any CPU = Release|Any CPU
	EndGlobalSection
	GlobalSection(ProjectConfigurationPlatforms) = postSolution
		{EAAF8792-EEC8-4481-AE31-8E2D3B280E99}.Debug|Any CPU.ActiveCfg = Debug|Any CPU
		{EAAF8792-EEC8-4481-AE31-8E2D3B280E99}.Debug|Any CPU.Build.0 = Debug|Any CPU
		{EAAF8792-EEC8-4481-AE31-8E2D3B280E99}.Release|Any CPU.ActiveCfg = Release|Any CPU
		{EAAF8792-EEC8-4481-AE31-8E2D3B280E99}.Release|Any CPU.Build.0 = Release|Any CPU
	EndGlobalSection
	GlobalSection(SolutionProperties) = preSolution
		HideSolutionNode = FALSE
	EndGlobalSection
	GlobalSection(ExtensibilityGlobals) = postSolution
		SolutionGuid = {C0B6707F-2133-42FF-B252-CC487B0A51DE}
	EndGlobalSection
EndGlobal
