
Microsoft Visual Studio Solution File, Format Version 12.00
# Visual Studio Version 17
VisualStudioVersion = 17.8.34322.80
MinimumVisualStudioVersion = 10.0.40219.1
Project("{FAE04EC0-301F-11D3-BF4B-00C04F79EFBC}") = "Day6 Desktop Form app", "Day6 Desktop Form app\Day6 Desktop Form app.csproj", "{194808B7-80C8-4D0A-A500-7195568E8887}"
EndProject
Global
	GlobalSection(SolutionConfigurationPlatforms) = preSolution
		Debug|Any CPU = Debug|Any CPU
		Release|Any CPU = Release|Any CPU
	EndGlobalSection
	GlobalSection(ProjectConfigurationPlatforms) = postSolution
		{194808B7-80C8-4D0A-A500-7195568E8887}.Debug|Any CPU.ActiveCfg = Debug|Any CPU
		{194808B7-80C8-4D0A-A500-7195568E8887}.Debug|Any CPU.Build.0 = Debug|Any CPU
		{194808B7-80C8-4D0A-A500-7195568E8887}.Release|Any CPU.ActiveCfg = Release|Any CPU
		{194808B7-80C8-4D0A-A500-7195568E8887}.Release|Any CPU.Build.0 = Release|Any CPU
	EndGlobalSection
	GlobalSection(SolutionProperties) = preSolution
		HideSolutionNode = FALSE
	EndGlobalSection
	GlobalSection(ExtensibilityGlobals) = postSolution
		SolutionGuid = {8795B008-C435-477F-8074-8C5685B5476D}
	EndGlobalSection
EndGlobal
